
Microsoft Visual Studio Solution File, Format Version 12.00
# Visual Studio Version 16
VisualStudioVersion = 16.0.28922.388
MinimumVisualStudioVersion = 10.0.40219.1
Project("{FAE04EC0-301F-11D3-BF4B-00C04F79EFBC}") = "Developer Assistant", "Developer Assistant.csproj", "{9A2045DE-4D41-48BA-82C4-74D389720EB1}"
EndProject
Global
	GlobalSection(SolutionConfigurationPlatforms) = preSolution
		Debug|Any CPU = Debug|Any CPU
		Release|Any CPU = Release|Any CPU
	EndGlobalSection
	GlobalSection(ProjectConfigurationPlatforms) = postSolution
		{9A2045DE-4D41-48BA-82C4-74D389720EB1}.Debug|Any CPU.ActiveCfg = Debug|Any CPU
		{9A2045DE-4D41-48BA-82C4-74D389720EB1}.Debug|Any CPU.Build.0 = Debug|Any CPU
		{9A2045DE-4D41-48BA-82C4-74D389720EB1}.Release|Any CPU.ActiveCfg = Release|Any CPU
		{9A2045DE-4D41-48BA-82C4-74D389720EB1}.Release|Any CPU.Build.0 = Release|Any CPU
	EndGlobalSection
	GlobalSection(SolutionProperties) = preSolution
		HideSolutionNode = FALSE
	EndGlobalSection
	GlobalSection(ExtensibilityGlobals) = postSolution
		SolutionGuid = {6F7A4215-FA01-4EBC-B2BD-A93F30D95A82}
	EndGlobalSection
EndGlobal
